
Microsoft Visual Studio Solution File, Format Version 12.00
# Visual Studio 15
VisualStudioVersion = 15.0.26711.1
MinimumVisualStudioVersion = 10.0.40219.1
Project("{FAE04EC0-301F-11D3-BF4B-00C04F79EFBC}") = "XamarinForms.Database.Android", "XamarinForms.Database\XamarinForms.Database.Android\XamarinForms.Database.Android.csproj", "{A284D7F8-8606-4E13-836D-17C70978B99B}"
EndProject
Project("{FAE04EC0-301F-11D3-BF4B-00C04F79EFBC}") = "XamarinForms.Database", "XamarinForms.Database\XamarinForms.Database\XamarinForms.Database.csproj", "{05907D10-AE4E-41D9-81B6-2FFC9DBDC5F9}"
EndProject
Project("{FAE04EC0-301F-11D3-BF4B-00C04F79EFBC}") = "XamarinForms.Database.UWP", "XamarinForms.Database\XamarinForms.Database.UWP\XamarinForms.Database.UWP.csproj", "{EE5D28D2-470B-4989-A8FD-268789C2A089}"
EndProject
Project("{FAE04EC0-301F-11D3-BF4B-00C04F79EFBC}") = "XamarinForms.Database.iOS", "XamarinForms.Database\XamarinForms.Database.iOS\XamarinForms.Database.iOS.csproj", "{A3E3C92E-50CB-4CAB-87A7-448A4AF50A76}"
EndProject
Global
	GlobalSection(SolutionConfigurationPlatforms) = preSolution
		Ad-Hoc|Any CPU = Ad-Hoc|Any CPU
		Ad-Hoc|ARM = Ad-Hoc|ARM
		Ad-Hoc|iPhone = Ad-Hoc|iPhone
		Ad-Hoc|iPhoneSimulator = Ad-Hoc|iPhoneSimulator
		Ad-Hoc|x64 = Ad-Hoc|x64
		Ad-Hoc|x86 = Ad-Hoc|x86
		AppStore|Any CPU = AppStore|Any CPU
		AppStore|ARM = AppStore|ARM
		AppStore|iPhone = AppStore|iPhone
		AppStore|iPhoneSimulator = AppStore|iPhoneSimulator
		AppStore|x64 = AppStore|x64
		AppStore|x86 = AppStore|x86
		Debug|Any CPU = Debug|Any CPU
		Debug|ARM = Debug|ARM
		Debug|iPhone = Debug|iPhone
		Debug|iPhoneSimulator = Debug|iPhoneSimulator
		Debug|x64 = Debug|x64
		Debug|x86 = Debug|x86
		Release|Any CPU = Release|Any CPU
		Release|ARM = Release|ARM
		Release|iPhone = Release|iPhone
		Release|iPhoneSimulator = Release|iPhoneSimulator
		Release|x64 = Release|x64
		Release|x86 = Release|x86
	EndGlobalSection
	GlobalSection(ProjectConfigurationPlatforms) = postSolution
		{A284D7F8-8606-4E13-836D-17C70978B99B}.Ad-Hoc|Any CPU.ActiveCfg = Release|Any CPU
		{A284D7F8-8606-4E13-836D-17C70978B99B}.Ad-Hoc|Any CPU.Build.0 = Release|Any CPU
		{A284D7F8-8606-4E13-836D-17C70978B99B}.Ad-Hoc|Any CPU.Deploy.0 = Release|Any CPU
		{A284D7F8-8606-4E13-836D-17C70978B99B}.Ad-Hoc|ARM.ActiveCfg = Release|Any CPU
		{A284D7F8-8606-4E13-836D-17C70978B99B}.Ad-Hoc|ARM.Build.0 = Release|Any CPU
		{A284D7F8-8606-4E13-836D-17C70978B99B}.Ad-Hoc|ARM.Deploy.0 = Release|Any CPU
		{A284D7F8-8606-4E13-836D-17C70978B99B}.Ad-Hoc|iPhone.ActiveCfg = Release|Any CPU
		{A284D7F8-8606-4E13-836D-17C70978B99B}.Ad-Hoc|iPhone.Build.0 = Release|Any CPU
		{A284D7F8-8606-4E13-836D-17C70978B99B}.Ad-Hoc|iPhone.Deploy.0 = Release|Any CPU
		{A284D7F8-8606-4E13-836D-17C70978B99B}.Ad-Hoc|iPhoneSimulator.ActiveCfg = Release|Any CPU
		{A284D7F8-8606-4E13-836D-17C70978B99B}.Ad-Hoc|iPhoneSimulator.Build.0 = Release|Any CPU
		{A284D7F8-8606-4E13-836D-17C70978B99B}.Ad-Hoc|iPhoneSimulator.Deploy.0 = Release|Any CPU
		{A284D7F8-8606-4E13-836D-17C70978B99B}.Ad-Hoc|x64.ActiveCfg = Release|Any CPU
		{A284D7F8-8606-4E13-836D-17C70978B99B}.Ad-Hoc|x64.Build.0 = Release|Any CPU
		{A284D7F8-8606-4E13-836D-17C70978B99B}.Ad-Hoc|x64.Deploy.0 = Release|Any CPU
		{A284D7F8-8606-4E13-836D-17C70978B99B}.Ad-Hoc|x86.ActiveCfg = Release|Any CPU
		{A284D7F8-8606-4E13-836D-17C70978B99B}.Ad-Hoc|x86.Build.0 = Release|Any CPU
		{A284D7F8-8606-4E13-836D-17C70978B99B}.Ad-Hoc|x86.Deploy.0 = Release|Any CPU
		{A284D7F8-8606-4E13-836D-17C70978B99B}.AppStore|Any CPU.ActiveCfg = Release|Any CPU
		{A284D7F8-8606-4E13-836D-17C70978B99B}.AppStore|Any CPU.Build.0 = Release|Any CPU
		{A284D7F8-8606-4E13-836D-17C70978B99B}.AppStore|Any CPU.Deploy.0 = Release|Any CPU
		{A284D7F8-8606-4E13-836D-17C70978B99B}.AppStore|ARM.ActiveCfg = Release|Any CPU
		{A284D7F8-8606-4E13-836D-17C70978B99B}.AppStore|ARM.Build.0 = Release|Any CPU
		{A284D7F8-8606-4E13-836D-17C70978B99B}.AppStore|ARM.Deploy.0 = Release|Any CPU
		{A284D7F8-8606-4E13-836D-17C70978B99B}.AppStore|iPhone.ActiveCfg = Release|Any CPU
		{A284D7F8-8606-4E13-836D-17C70978B99B}.AppStore|iPhone.Build.0 = Release|Any CPU
		{A284D7F8-8606-4E13-836D-17C70978B99B}.AppStore|iPhone.Deploy.0 = Release|Any CPU
		{A284D7F8-8606-4E13-836D-17C70978B99B}.AppStore|iPhoneSimulator.ActiveCfg = Release|Any CPU
		{A284D7F8-8606-4E13-836D-17C70978B99B}.AppStore|iPhoneSimulator.Build.0 = Release|Any CPU
		{A284D7F8-8606-4E13-836D-17C70978B99B}.AppStore|iPhoneSimulator.Deploy.0 = Release|Any CPU
		{A284D7F8-8606-4E13-836D-17C70978B99B}.AppStore|x64.ActiveCfg = Release|Any CPU
		{A284D7F8-8606-4E13-836D-17C70978B99B}.AppStore|x64.Build.0 = Release|Any CPU
		{A284D7F8-8606-4E13-836D-17C70978B99B}.AppStore|x64.Deploy.0 = Release|Any CPU
		{A284D7F8-8606-4E13-836D-17C70978B99B}.AppStore|x86.ActiveCfg = Release|Any CPU
		{A284D7F8-8606-4E13-836D-17C70978B99B}.AppStore|x86.Build.0 = Release|Any CPU
		{A284D7F8-8606-4E13-836D-17C70978B99B}.AppStore|x86.Deploy.0 = Release|Any CPU
		{A284D7F8-8606-4E13-836D-17C70978B99B}.Debug|Any CPU.ActiveCfg = Debug|Any CPU
		{A284D7F8-8606-4E13-836D-17C70978B99B}.Debug|Any CPU.Build.0 = Debug|Any CPU
		{A284D7F8-8606-4E13-836D-17C70978B99B}.Debug|Any CPU.Deploy.0 = Debug|Any CPU
		{A284D7F8-8606-4E13-836D-17C70978B99B}.Debug|ARM.ActiveCfg = Debug|Any CPU
		{A284D7F8-8606-4E13-836D-17C70978B99B}.Debug|ARM.Build.0 = Debug|Any CPU
		{A284D7F8-8606-4E13-836D-17C70978B99B}.Debug|ARM.Deploy.0 = Debug|Any CPU
		{A284D7F8-8606-4E13-836D-17C70978B99B}.Debug|iPhone.ActiveCfg = Debug|Any CPU
		{A284D7F8-8606-4E13-836D-17C70978B99B}.Debug|iPhone.Build.0 = Debug|Any CPU
		{A284D7F8-8606-4E13-836D-17C70978B99B}.Debug|iPhone.Deploy.0 = Debug|Any CPU
		{A284D7F8-8606-4E13-836D-17C70978B99B}.Debug|iPhoneSimulator.ActiveCfg = Debug|Any CPU
		{A284D7F8-8606-4E13-836D-17C70978B99B}.Debug|iPhoneSimulator.Build.0 = Debug|Any CPU
		{A284D7F8-8606-4E13-836D-17C70978B99B}.Debug|iPhoneSimulator.Deploy.0 = Debug|Any CPU
		{A284D7F8-8606-4E13-836D-17C70978B99B}.Debug|x64.ActiveCfg = Debug|Any CPU
		{A284D7F8-8606-4E13-836D-17C70978B99B}.Debug|x64.Build.0 = Debug|Any CPU
		{A284D7F8-8606-4E13-836D-17C70978B99B}.Debug|x64.Deploy.0 = Debug|Any CPU
		{A284D7F8-8606-4E13-836D-17C70978B99B}.Debug|x86.ActiveCfg = Debug|Any CPU
		{A284D7F8-8606-4E13-836D-17C70978B99B}.Debug|x86.Build.0 = Debug|Any CPU
		{A284D7F8-8606-4E13-836D-17C70978B99B}.Debug|x86.Deploy.0 = Debug|Any CPU
		{A284D7F8-8606-4E13-836D-17C70978B99B}.Release|Any CPU.ActiveCfg = Release|Any CPU
		{A284D7F8-8606-4E13-836D-17C70978B99B}.Release|Any CPU.Build.0 = Release|Any CPU
		{A284D7F8-8606-4E13-836D-17C70978B99B}.Release|Any CPU.Deploy.0 = Release|Any CPU
		{A284D7F8-8606-4E13-836D-17C70978B99B}.Release|ARM.ActiveCfg = Release|Any CPU
		{A284D7F8-8606-4E13-836D-17C70978B99B}.Release|ARM.Build.0 = Release|Any CPU
		{A284D7F8-8606-4E13-836D-17C70978B99B}.Release|ARM.Deploy.0 = Release|Any CPU
		{A284D7F8-8606-4E13-836D-17C70978B99B}.Release|iPhone.ActiveCfg = Release|Any CPU
		{A284D7F8-8606-4E13-836D-17C70978B99B}.Release|iPhone.Build.0 = Release|Any CPU
		{A284D7F8-8606-4E13-836D-17C70978B99B}.Release|iPhone.Deploy.0 = Release|Any CPU
		{A284D7F8-8606-4E13-836D-17C70978B99B}.Release|iPhoneSimulator.ActiveCfg = Release|Any CPU
		{A284D7F8-8606-4E13-836D-17C70978B99B}.Release|iPhoneSimulator.Build.0 = Release|Any CPU
		{A284D7F8-8606-4E13-836D-17C70978B99B}.Release|iPhoneSimulator.Deploy.0 = Release|Any CPU
		{A284D7F8-8606-4E13-836D-17C70978B99B}.Release|x64.ActiveCfg = Release|Any CPU
		{A284D7F8-8606-4E13-836D-17C70978B99B}.Release|x64.Build.0 = Release|Any CPU
		{A284D7F8-8606-4E13-836D-17C70978B99B}.Release|x64.Deploy.0 = Release|Any CPU
		{A284D7F8-8606-4E13-836D-17C70978B99B}.Release|x86.ActiveCfg = Release|Any CPU
		{A284D7F8-8606-4E13-836D-17C70978B99B}.Release|x86.Build.0 = Release|Any CPU
		{A284D7F8-8606-4E13-836D-17C70978B99B}.Release|x86.Deploy.0 = Release|Any CPU
		{05907D10-AE4E-41D9-81B6-2FFC9DBDC5F9}.Ad-Hoc|Any CPU.ActiveCfg = Release|Any CPU
		{05907D10-AE4E-41D9-81B6-2FFC9DBDC5F9}.Ad-Hoc|Any CPU.Build.0 = Release|Any CPU
		{05907D10-AE4E-41D9-81B6-2FFC9DBDC5F9}.Ad-Hoc|ARM.ActiveCfg = Release|Any CPU
		{05907D10-AE4E-41D9-81B6-2FFC9DBDC5F9}.Ad-Hoc|ARM.Build.0 = Release|Any CPU
		{05907D10-AE4E-41D9-81B6-2FFC9DBDC5F9}.Ad-Hoc|iPhone.ActiveCfg = Release|Any CPU
		{05907D10-AE4E-41D9-81B6-2FFC9DBDC5F9}.Ad-Hoc|iPhone.Build.0 = Release|Any CPU
		{05907D10-AE4E-41D9-81B6-2FFC9DBDC5F9}.Ad-Hoc|iPhoneSimulator.ActiveCfg = Release|Any CPU
		{05907D10-AE4E-41D9-81B6-2FFC9DBDC5F9}.Ad-Hoc|iPhoneSimulator.Build.0 = Release|Any CPU
		{05907D10-AE4E-41D9-81B6-2FFC9DBDC5F9}.Ad-Hoc|x64.ActiveCfg = Release|Any CPU
		{05907D10-AE4E-41D9-81B6-2FFC9DBDC5F9}.Ad-Hoc|x64.Build.0 = Release|Any CPU
		{05907D10-AE4E-41D9-81B6-2FFC9DBDC5F9}.Ad-Hoc|x86.ActiveCfg = Release|Any CPU
		{05907D10-AE4E-41D9-81B6-2FFC9DBDC5F9}.Ad-Hoc|x86.Build.0 = Release|Any CPU
		{05907D10-AE4E-41D9-81B6-2FFC9DBDC5F9}.AppStore|Any CPU.ActiveCfg = Release|Any CPU
		{05907D10-AE4E-41D9-81B6-2FFC9DBDC5F9}.AppStore|Any CPU.Build.0 = Release|Any CPU
		{05907D10-AE4E-41D9-81B6-2FFC9DBDC5F9}.AppStore|ARM.ActiveCfg = Release|Any CPU
		{05907D10-AE4E-41D9-81B6-2FFC9DBDC5F9}.AppStore|ARM.Build.0 = Release|Any CPU
		{05907D10-AE4E-41D9-81B6-2FFC9DBDC5F9}.AppStore|iPhone.ActiveCfg = Release|Any CPU
		{05907D10-AE4E-41D9-81B6-2FFC9DBDC5F9}.AppStore|iPhone.Build.0 = Release|Any CPU
		{05907D10-AE4E-41D9-81B6-2FFC9DBDC5F9}.AppStore|iPhoneSimulator.ActiveCfg = Release|Any CPU
		{05907D10-AE4E-41D9-81B6-2FFC9DBDC5F9}.AppStore|iPhoneSimulator.Build.0 = Release|Any CPU
		{05907D10-AE4E-41D9-81B6-2FFC9DBDC5F9}.AppStore|x64.ActiveCfg = Release|Any CPU
		{05907D10-AE4E-41D9-81B6-2FFC9DBDC5F9}.AppStore|x64.Build.0 = Release|Any CPU
		{05907D10-AE4E-41D9-81B6-2FFC9DBDC5F9}.AppStore|x86.ActiveCfg = Release|Any CPU
		{05907D10-AE4E-41D9-81B6-2FFC9DBDC5F9}.AppStore|x86.Build.0 = Release|Any CPU
		{05907D10-AE4E-41D9-81B6-2FFC9DBDC5F9}.Debug|Any CPU.ActiveCfg = Debug|Any CPU
		{05907D10-AE4E-41D9-81B6-2FFC9DBDC5F9}.Debug|Any CPU.Build.0 = Debug|Any CPU
		{05907D10-AE4E-41D9-81B6-2FFC9DBDC5F9}.Debug|ARM.ActiveCfg = Debug|Any CPU
		{05907D10-AE4E-41D9-81B6-2FFC9DBDC5F9}.Debug|ARM.Build.0 = Debug|Any CPU
		{05907D10-AE4E-41D9-81B6-2FFC9DBDC5F9}.Debug|iPhone.ActiveCfg = Debug|Any CPU
		{05907D10-AE4E-41D9-81B6-2FFC9DBDC5F9}.Debug|iPhone.Build.0 = Debug|Any CPU
		{05907D10-AE4E-41D9-81B6-2FFC9DBDC5F9}.Debug|iPhoneSimulator.ActiveCfg = Debug|Any CPU
		{05907D10-AE4E-41D9-81B6-2FFC9DBDC5F9}.Debug|iPhoneSimulator.Build.0 = Debug|Any CPU
		{05907D10-AE4E-41D9-81B6-2FFC9DBDC5F9}.Debug|x64.ActiveCfg = Debug|Any CPU
		{05907D10-AE4E-41D9-81B6-2FFC9DBDC5F9}.Debug|x64.Build.0 = Debug|Any CPU
		{05907D10-AE4E-41D9-81B6-2FFC9DBDC5F9}.Debug|x86.ActiveCfg = Debug|Any CPU
		{05907D10-AE4E-41D9-81B6-2FFC9DBDC5F9}.Debug|x86.Build.0 = Debug|Any CPU
		{05907D10-AE4E-41D9-81B6-2FFC9DBDC5F9}.Release|Any CPU.ActiveCfg = Release|Any CPU
		{05907D10-AE4E-41D9-81B6-2FFC9DBDC5F9}.Release|Any CPU.Build.0 = Release|Any CPU
		{05907D10-AE4E-41D9-81B6-2FFC9DBDC5F9}.Release|ARM.ActiveCfg = Release|Any CPU
		{05907D10-AE4E-41D9-81B6-2FFC9DBDC5F9}.Release|ARM.Build.0 = Release|Any CPU
		{05907D10-AE4E-41D9-81B6-2FFC9DBDC5F9}.Release|iPhone.ActiveCfg = Release|Any CPU
		{05907D10-AE4E-41D9-81B6-2FFC9DBDC5F9}.Release|iPhone.Build.0 = Release|Any CPU
		{05907D10-AE4E-41D9-81B6-2FFC9DBDC5F9}.Release|iPhoneSimulator.ActiveCfg = Release|Any CPU
		{05907D10-AE4E-41D9-81B6-2FFC9DBDC5F9}.Release|iPhoneSimulator.Build.0 = Release|Any CPU
		{05907D10-AE4E-41D9-81B6-2FFC9DBDC5F9}.Release|x64.ActiveCfg = Release|Any CPU
		{05907D10-AE4E-41D9-81B6-2FFC9DBDC5F9}.Release|x64.Build.0 = Release|Any CPU
		{05907D10-AE4E-41D9-81B6-2FFC9DBDC5F9}.Release|x86.ActiveCfg = Release|Any CPU
		{05907D10-AE4E-41D9-81B6-2FFC9DBDC5F9}.Release|x86.Build.0 = Release|Any CPU
		{EE5D28D2-470B-4989-A8FD-268789C2A089}.Ad-Hoc|Any CPU.ActiveCfg = Release|x86
		{EE5D28D2-470B-4989-A8FD-268789C2A089}.Ad-Hoc|Any CPU.Build.0 = Release|x86
		{EE5D28D2-470B-4989-A8FD-268789C2A089}.Ad-Hoc|Any CPU.Deploy.0 = Release|x86
		{EE5D28D2-470B-4989-A8FD-268789C2A089}.Ad-Hoc|ARM.ActiveCfg = Release|ARM
		{EE5D28D2-470B-4989-A8FD-268789C2A089}.Ad-Hoc|ARM.Build.0 = Release|ARM
		{EE5D28D2-470B-4989-A8FD-268789C2A089}.Ad-Hoc|ARM.Deploy.0 = Release|ARM
		{EE5D28D2-470B-4989-A8FD-268789C2A089}.Ad-Hoc|iPhone.ActiveCfg = Release|x86
		{EE5D28D2-470B-4989-A8FD-268789C2A089}.Ad-Hoc|iPhone.Build.0 = Release|x86
		{EE5D28D2-470B-4989-A8FD-268789C2A089}.Ad-Hoc|iPhone.Deploy.0 = Release|x86
		{EE5D28D2-470B-4989-A8FD-268789C2A089}.Ad-Hoc|iPhoneSimulator.ActiveCfg = Release|x86
		{EE5D28D2-470B-4989-A8FD-268789C2A089}.Ad-Hoc|iPhoneSimulator.Build.0 = Release|x86
		{EE5D28D2-470B-4989-A8FD-268789C2A089}.Ad-Hoc|iPhoneSimulator.Deploy.0 = Release|x86
		{EE5D28D2-470B-4989-A8FD-268789C2A089}.Ad-Hoc|x64.ActiveCfg = Release|x64
		{EE5D28D2-470B-4989-A8FD-268789C2A089}.Ad-Hoc|x64.Build.0 = Release|x64
		{EE5D28D2-470B-4989-A8FD-268789C2A089}.Ad-Hoc|x64.Deploy.0 = Release|x64
		{EE5D28D2-470B-4989-A8FD-268789C2A089}.Ad-Hoc|x86.ActiveCfg = Release|x86
		{EE5D28D2-470B-4989-A8FD-268789C2A089}.Ad-Hoc|x86.Build.0 = Release|x86
		{EE5D28D2-470B-4989-A8FD-268789C2A089}.Ad-Hoc|x86.Deploy.0 = Release|x86
		{EE5D28D2-470B-4989-A8FD-268789C2A089}.AppStore|Any CPU.ActiveCfg = Release|x86
		{EE5D28D2-470B-4989-A8FD-268789C2A089}.AppStore|Any CPU.Build.0 = Release|x86
		{EE5D28D2-470B-4989-A8FD-268789C2A089}.AppStore|Any CPU.Deploy.0 = Release|x86
		{EE5D28D2-470B-4989-A8FD-268789C2A089}.AppStore|ARM.ActiveCfg = Release|ARM
		{EE5D28D2-470B-4989-A8FD-268789C2A089}.AppStore|ARM.Build.0 = Release|ARM
		{EE5D28D2-470B-4989-A8FD-268789C2A089}.AppStore|ARM.Deploy.0 = Release|ARM
		{EE5D28D2-470B-4989-A8FD-268789C2A089}.AppStore|iPhone.ActiveCfg = Release|x86
		{EE5D28D2-470B-4989-A8FD-268789C2A089}.AppStore|iPhone.Build.0 = Release|x86
		{EE5D28D2-470B-4989-A8FD-268789C2A089}.AppStore|iPhone.Deploy.0 = Release|x86
		{EE5D28D2-470B-4989-A8FD-268789C2A089}.AppStore|iPhoneSimulator.ActiveCfg = Release|x86
		{EE5D28D2-470B-4989-A8FD-268789C2A089}.AppStore|iPhoneSimulator.Build.0 = Release|x86
		{EE5D28D2-470B-4989-A8FD-268789C2A089}.AppStore|iPhoneSimulator.Deploy.0 = Release|x86
		{EE5D28D2-470B-4989-A8FD-268789C2A089}.AppStore|x64.ActiveCfg = Release|x64
		{EE5D28D2-470B-4989-A8FD-268789C2A089}.AppStore|x64.Build.0 = Release|x64
		{EE5D28D2-470B-4989-A8FD-268789C2A089}.AppStore|x64.Deploy.0 = Release|x64
		{EE5D28D2-470B-4989-A8FD-268789C2A089}.AppStore|x86.ActiveCfg = Release|x86
		{EE5D28D2-470B-4989-A8FD-268789C2A089}.AppStore|x86.Build.0 = Release|x86
		{EE5D28D2-470B-4989-A8FD-268789C2A089}.AppStore|x86.Deploy.0 = Release|x86
		{EE5D28D2-470B-4989-A8FD-268789C2A089}.Debug|Any CPU.ActiveCfg = Debug|x86
		{EE5D28D2-470B-4989-A8FD-268789C2A089}.Debug|ARM.ActiveCfg = Debug|ARM
		{EE5D28D2-470B-4989-A8FD-268789C2A089}.Debug|ARM.Build.0 = Debug|ARM
		{EE5D28D2-470B-4989-A8FD-268789C2A089}.Debug|ARM.Deploy.0 = Debug|ARM
		{EE5D28D2-470B-4989-A8FD-268789C2A089}.Debug|iPhone.ActiveCfg = Debug|x86
		{EE5D28D2-470B-4989-A8FD-268789C2A089}.Debug|iPhoneSimulator.ActiveCfg = Debug|x86
		{EE5D28D2-470B-4989-A8FD-268789C2A089}.Debug|x64.ActiveCfg = Debug|x64
		{EE5D28D2-470B-4989-A8FD-268789C2A089}.Debug|x64.Build.0 = Debug|x64
		{EE5D28D2-470B-4989-A8FD-268789C2A089}.Debug|x64.Deploy.0 = Debug|x64
		{EE5D28D2-470B-4989-A8FD-268789C2A089}.Debug|x86.ActiveCfg = Debug|x86
		{EE5D28D2-470B-4989-A8FD-268789C2A089}.Debug|x86.Build.0 = Debug|x86
		{EE5D28D2-470B-4989-A8FD-268789C2A089}.Debug|x86.Deploy.0 = Debug|x86
		{EE5D28D2-470B-4989-A8FD-268789C2A089}.Release|Any CPU.ActiveCfg = Release|x86
		{EE5D28D2-470B-4989-A8FD-268789C2A089}.Release|ARM.ActiveCfg = Release|ARM
		{EE5D28D2-470B-4989-A8FD-268789C2A089}.Release|ARM.Build.0 = Release|ARM
		{EE5D28D2-470B-4989-A8FD-268789C2A089}.Release|ARM.Deploy.0 = Release|ARM
		{EE5D28D2-470B-4989-A8FD-268789C2A089}.Release|iPhone.ActiveCfg = Release|x86
		{EE5D28D2-470B-4989-A8FD-268789C2A089}.Release|iPhoneSimulator.ActiveCfg = Release|x86
		{EE5D28D2-470B-4989-A8FD-268789C2A089}.Release|x64.ActiveCfg = Release|x64
		{EE5D28D2-470B-4989-A8FD-268789C2A089}.Release|x64.Build.0 = Release|x64
		{EE5D28D2-470B-4989-A8FD-268789C2A089}.Release|x64.Deploy.0 = Release|x64
		{EE5D28D2-470B-4989-A8FD-268789C2A089}.Release|x86.ActiveCfg = Release|x86
		{EE5D28D2-470B-4989-A8FD-268789C2A089}.Release|x86.Build.0 = Release|x86
		{EE5D28D2-470B-4989-A8FD-268789C2A089}.Release|x86.Deploy.0 = Release|x86
		{A3E3C92E-50CB-4CAB-87A7-448A4AF50A76}.Ad-Hoc|Any CPU.ActiveCfg = Ad-Hoc|iPhone
		{A3E3C92E-50CB-4CAB-87A7-448A4AF50A76}.Ad-Hoc|ARM.ActiveCfg = Ad-Hoc|iPhone
		{A3E3C92E-50CB-4CAB-87A7-448A4AF50A76}.Ad-Hoc|iPhone.ActiveCfg = Ad-Hoc|iPhone
		{A3E3C92E-50CB-4CAB-87A7-448A4AF50A76}.Ad-Hoc|iPhone.Build.0 = Ad-Hoc|iPhone
		{A3E3C92E-50CB-4CAB-87A7-448A4AF50A76}.Ad-Hoc|iPhoneSimulator.ActiveCfg = Ad-Hoc|iPhoneSimulator
		{A3E3C92E-50CB-4CAB-87A7-448A4AF50A76}.Ad-Hoc|iPhoneSimulator.Build.0 = Ad-Hoc|iPhoneSimulator
		{A3E3C92E-50CB-4CAB-87A7-448A4AF50A76}.Ad-Hoc|x64.ActiveCfg = Ad-Hoc|iPhone
		{A3E3C92E-50CB-4CAB-87A7-448A4AF50A76}.Ad-Hoc|x86.ActiveCfg = Ad-Hoc|iPhone
		{A3E3C92E-50CB-4CAB-87A7-448A4AF50A76}.AppStore|Any CPU.ActiveCfg = AppStore|iPhone
		{A3E3C92E-50CB-4CAB-87A7-448A4AF50A76}.AppStore|ARM.ActiveCfg = AppStore|iPhone
		{A3E3C92E-50CB-4CAB-87A7-448A4AF50A76}.AppStore|iPhone.ActiveCfg = AppStore|iPhone
		{A3E3C92E-50CB-4CAB-87A7-448A4AF50A76}.AppStore|iPhone.Build.0 = AppStore|iPhone
		{A3E3C92E-50CB-4CAB-87A7-448A4AF50A76}.AppStore|iPhoneSimulator.ActiveCfg = AppStore|iPhoneSimulator
		{A3E3C92E-50CB-4CAB-87A7-448A4AF50A76}.AppStore|iPhoneSimulator.Build.0 = AppStore|iPhoneSimulator
		{A3E3C92E-50CB-4CAB-87A7-448A4AF50A76}.AppStore|x64.ActiveCfg = AppStore|iPhone
		{A3E3C92E-50CB-4CAB-87A7-448A4AF50A76}.AppStore|x86.ActiveCfg = AppStore|iPhone
		{A3E3C92E-50CB-4CAB-87A7-448A4AF50A76}.Debug|Any CPU.ActiveCfg = Debug|iPhone
		{A3E3C92E-50CB-4CAB-87A7-448A4AF50A76}.Debug|ARM.ActiveCfg = Debug|iPhone
		{A3E3C92E-50CB-4CAB-87A7-448A4AF50A76}.Debug|iPhone.ActiveCfg = Debug|iPhone
		{A3E3C92E-50CB-4CAB-87A7-448A4AF50A76}.Debug|iPhone.Build.0 = Debug|iPhone
		{A3E3C92E-50CB-4CAB-87A7-448A4AF50A76}.Debug|iPhoneSimulator.ActiveCfg = Debug|iPhoneSimulator
		{A3E3C92E-50CB-4CAB-87A7-448A4AF50A76}.Debug|iPhoneSimulator.Build.0 = Debug|iPhoneSimulator
		{A3E3C92E-50CB-4CAB-87A7-448A4AF50A76}.Debug|x64.ActiveCfg = Debug|iPhone
		{A3E3C92E-50CB-4CAB-87A7-448A4AF50A76}.Debug|x86.ActiveCfg = Debug|iPhone
		{A3E3C92E-50CB-4CAB-87A7-448A4AF50A76}.Release|Any CPU.ActiveCfg = Release|iPhone
		{A3E3C92E-50CB-4CAB-87A7-448A4AF50A76}.Release|ARM.ActiveCfg = Release|iPhone
		{A3E3C92E-50CB-4CAB-87A7-448A4AF50A76}.Release|iPhone.ActiveCfg = Release|iPhone
		{A3E3C92E-50CB-4CAB-87A7-448A4AF50A76}.Release|iPhone.Build.0 = Release|iPhone
		{A3E3C92E-50CB-4CAB-87A7-448A4AF50A76}.Release|iPhoneSimulator.ActiveCfg = Release|iPhoneSimulator
		{A3E3C92E-50CB-4CAB-87A7-448A4AF50A76}.Release|iPhoneSimulator.Build.0 = Release|iPhoneSimulator
		{A3E3C92E-50CB-4CAB-87A7-448A4AF50A76}.Release|x64.ActiveCfg = Release|iPhone
		{A3E3C92E-50CB-4CAB-87A7-448A4AF50A76}.Release|x86.ActiveCfg = Release|iPhone
	EndGlobalSection
	GlobalSection(SolutionProperties) = preSolution
		HideSolutionNode = FALSE
	EndGlobalSection
	GlobalSection(ExtensibilityGlobals) = postSolution
		SolutionGuid = {638FEEB3-AA42-488A-AECD-E5DEA058B449}
	EndGlobalSection
EndGlobal
